
Microsoft Visual Studio Solution File, Format Version 12.00
# Visual Studio Version 16
VisualStudioVersion = 16.0.29123.88
MinimumVisualStudioVersion = 10.0.40219.1
Project("{8BC9CEB8-8B4A-11D0-8D11-00A0C91BC942}") = "Robotel", "Robotel.vcxproj", "{B989E5AA-742F-4F9E-90B0-969BB3682D0A}"
EndProject
Global
	GlobalSection(SolutionConfigurationPlatforms) = preSolution
		Debug|x64 = Debug|x64
		Debug|x86 = Debug|x86
		Release|x64 = Release|x64
		Release|x86 = Release|x86
	EndGlobalSection
	GlobalSection(ProjectConfigurationPlatforms) = postSolution
		{B989E5AA-742F-4F9E-90B0-969BB3682D0A}.Debug|x64.ActiveCfg = Debug|x64
		{B989E5AA-742F-4F9E-90B0-969BB3682D0A}.Debug|x64.Build.0 = Debug|x64
		{B989E5AA-742F-4F9E-90B0-969BB3682D0A}.Debug|x86.ActiveCfg = Debug|Win32
		{B989E5AA-742F-4F9E-90B0-969BB3682D0A}.Debug|x86.Build.0 = Debug|Win32
		{B989E5AA-742F-4F9E-90B0-969BB3682D0A}.Release|x64.ActiveCfg = Release|x64
		{B989E5AA-742F-4F9E-90B0-969BB3682D0A}.Release|x64.Build.0 = Release|x64
		{B989E5AA-742F-4F9E-90B0-969BB3682D0A}.Release|x86.ActiveCfg = Release|Win32
		{B989E5AA-742F-4F9E-90B0-969BB3682D0A}.Release|x86.Build.0 = Release|Win32
	EndGlobalSection
	GlobalSection(SolutionProperties) = preSolution
		HideSolutionNode = FALSE
	EndGlobalSection
	GlobalSection(ExtensibilityGlobals) = postSolution
		SolutionGuid = {0D81F9D0-716A-49DD-A9FD-CBABC9CE80CB}
	EndGlobalSection
EndGlobal
